
Microsoft Visual Studio Solution File, Format Version 12.00
# Visual Studio Version 16
VisualStudioVersion = 16.0.30128.74
MinimumVisualStudioVersion = 10.0.40219.1
Project("{FAE04EC0-301F-11D3-BF4B-00C04F79EFBC}") = "EncryptAllProcs", "EncryptAllProcs\EncryptAllProcs.csproj", "{368DB5F1-4CC6-4B42-8B78-80E371864DF2}"
EndProject
Global
	GlobalSection(SolutionConfigurationPlatforms) = preSolution
		Debug|Any CPU = Debug|Any CPU
		Release|Any CPU = Release|Any CPU
	EndGlobalSection
	GlobalSection(ProjectConfigurationPlatforms) = postSolution
		{368DB5F1-4CC6-4B42-8B78-80E371864DF2}.Debug|Any CPU.ActiveCfg = Debug|Any CPU
		{368DB5F1-4CC6-4B42-8B78-80E371864DF2}.Debug|Any CPU.Build.0 = Debug|Any CPU
		{368DB5F1-4CC6-4B42-8B78-80E371864DF2}.Release|Any CPU.ActiveCfg = Release|Any CPU
		{368DB5F1-4CC6-4B42-8B78-80E371864DF2}.Release|Any CPU.Build.0 = Release|Any CPU
	EndGlobalSection
	GlobalSection(SolutionProperties) = preSolution
		HideSolutionNode = FALSE
	EndGlobalSection
	GlobalSection(ExtensibilityGlobals) = postSolution
		SolutionGuid = {47F2B68C-A397-4464-9E74-DE209BF3DC8F}
	EndGlobalSection
EndGlobal
